
Microsoft Visual Studio Solution File, Format Version 12.00
# Visual Studio Version 17
VisualStudioVersion = 17.5.33103.201
MinimumVisualStudioVersion = 10.0.40219.1
Project("{9A19103F-16F7-4668-BE54-9A1E7A4F7556}") = "MyDrive", "MyDrive.csproj", "{B0906D38-A446-41FC-81A5-EB5DA8E8EFD9}"
EndProject
Project("{2150E333-8FDC-42A3-9474-1A3956D46DE8}") = "Solution Items", "Solution Items", "{BCD9E259-B079-493D-8B5B-36DF8A80EDDF}"
	ProjectSection(SolutionItems) = preProject
		.editorconfig = .editorconfig
	EndProjectSection
EndProject
Global
	GlobalSection(SolutionConfigurationPlatforms) = preSolution
		Debug|Any CPU = Debug|Any CPU
		Release|Any CPU = Release|Any CPU
	EndGlobalSection
	GlobalSection(ProjectConfigurationPlatforms) = postSolution
		{B0906D38-A446-41FC-81A5-EB5DA8E8EFD9}.Debug|Any CPU.ActiveCfg = Debug|Any CPU
		{B0906D38-A446-41FC-81A5-EB5DA8E8EFD9}.Debug|Any CPU.Build.0 = Debug|Any CPU
		{B0906D38-A446-41FC-81A5-EB5DA8E8EFD9}.Release|Any CPU.ActiveCfg = Release|Any CPU
		{B0906D38-A446-41FC-81A5-EB5DA8E8EFD9}.Release|Any CPU.Build.0 = Release|Any CPU
	EndGlobalSection
	GlobalSection(SolutionProperties) = preSolution
		HideSolutionNode = FALSE
	EndGlobalSection
	GlobalSection(ExtensibilityGlobals) = postSolution
		SolutionGuid = {259DC8BF-2EDF-4D77-9BEB-25FEE3A6315D}
	EndGlobalSection
EndGlobal
